
Microsoft Visual Studio Solution File, Format Version 12.00
Project("{2150E333-8FDC-42A3-9474-1A3956D46DE8}") = "src", "src", "{757F435D-6F93-40BD-8438-399FB611F118}"
EndProject
Project("{2150E333-8FDC-42A3-9474-1A3956D46DE8}") = "Solution Items", "Solution Items", "{36FC8C6B-40EC-4D1D-B1E6-83B381D44901}"
	ProjectSection(SolutionItems) = preProject
		Directory.Build.Props = Directory.Build.Props
		.editorconfig = .editorconfig
		.gitignore = .gitignore
	EndProjectSection
EndProject
Project("{FAE04EC0-301F-11D3-BF4B-00C04F79EFBC}") = "DirectoryService.Domain", "src\DirectoryService.Domain\DirectoryService.Domain.csproj", "{D0428BDF-87B9-471D-80D8-833A3568D700}"
EndProject
Project("{FAE04EC0-301F-11D3-BF4B-00C04F79EFBC}") = "DirectoryService.Application", "src\DirectoryService.Application\DirectoryService.Application.csproj", "{51912E98-0D95-43A1-BCF1-8E153BF1402F}"
EndProject
Project("{FAE04EC0-301F-11D3-BF4B-00C04F79EFBC}") = "DirectoryService.Infrastructure", "src\DirectoryService.Infrastructure\DirectoryService.Infrastructure.csproj", "{C9F49A3C-952D-4636-8E02-0B152EAE5BFF}"
EndProject
Project("{FAE04EC0-301F-11D3-BF4B-00C04F79EFBC}") = "DirectoryService.Presentation", "src\DirectoryService.Presentation\DirectoryService.Presentation.csproj", "{731F9ECC-94B7-4F55-9BA8-88291CFC25E0}"
EndProject
Project("{FAE04EC0-301F-11D3-BF4B-00C04F79EFBC}") = "DirectoryService.Contracts", "src\DirectoryService.Contracts\DirectoryService.Contracts.csproj", "{2881B016-8C75-427F-9182-3C834FD2DAFB}"
EndProject
Global
	GlobalSection(SolutionConfigurationPlatforms) = preSolution
		Debug|Any CPU = Debug|Any CPU
		Release|Any CPU = Release|Any CPU
	EndGlobalSection
	GlobalSection(ProjectConfigurationPlatforms) = postSolution
		{D0428BDF-87B9-471D-80D8-833A3568D700}.Debug|Any CPU.ActiveCfg = Debug|Any CPU
		{D0428BDF-87B9-471D-80D8-833A3568D700}.Debug|Any CPU.Build.0 = Debug|Any CPU
		{D0428BDF-87B9-471D-80D8-833A3568D700}.Release|Any CPU.ActiveCfg = Release|Any CPU
		{D0428BDF-87B9-471D-80D8-833A3568D700}.Release|Any CPU.Build.0 = Release|Any CPU
		{51912E98-0D95-43A1-BCF1-8E153BF1402F}.Debug|Any CPU.ActiveCfg = Debug|Any CPU
		{51912E98-0D95-43A1-BCF1-8E153BF1402F}.Debug|Any CPU.Build.0 = Debug|Any CPU
		{51912E98-0D95-43A1-BCF1-8E153BF1402F}.Release|Any CPU.ActiveCfg = Release|Any CPU
		{51912E98-0D95-43A1-BCF1-8E153BF1402F}.Release|Any CPU.Build.0 = Release|Any CPU
		{C9F49A3C-952D-4636-8E02-0B152EAE5BFF}.Debug|Any CPU.ActiveCfg = Debug|Any CPU
		{C9F49A3C-952D-4636-8E02-0B152EAE5BFF}.Debug|Any CPU.Build.0 = Debug|Any CPU
		{C9F49A3C-952D-4636-8E02-0B152EAE5BFF}.Release|Any CPU.ActiveCfg = Release|Any CPU
		{C9F49A3C-952D-4636-8E02-0B152EAE5BFF}.Release|Any CPU.Build.0 = Release|Any CPU
		{731F9ECC-94B7-4F55-9BA8-88291CFC25E0}.Debug|Any CPU.ActiveCfg = Debug|Any CPU
		{731F9ECC-94B7-4F55-9BA8-88291CFC25E0}.Debug|Any CPU.Build.0 = Debug|Any CPU
		{731F9ECC-94B7-4F55-9BA8-88291CFC25E0}.Release|Any CPU.ActiveCfg = Release|Any CPU
		{731F9ECC-94B7-4F55-9BA8-88291CFC25E0}.Release|Any CPU.Build.0 = Release|Any CPU
		{2881B016-8C75-427F-9182-3C834FD2DAFB}.Debug|Any CPU.ActiveCfg = Debug|Any CPU
		{2881B016-8C75-427F-9182-3C834FD2DAFB}.Debug|Any CPU.Build.0 = Debug|Any CPU
		{2881B016-8C75-427F-9182-3C834FD2DAFB}.Release|Any CPU.ActiveCfg = Release|Any CPU
		{2881B016-8C75-427F-9182-3C834FD2DAFB}.Release|Any CPU.Build.0 = Release|Any CPU
	EndGlobalSection
	GlobalSection(NestedProjects) = preSolution
		{D0428BDF-87B9-471D-80D8-833A3568D700} = {757F435D-6F93-40BD-8438-399FB611F118}
		{51912E98-0D95-43A1-BCF1-8E153BF1402F} = {757F435D-6F93-40BD-8438-399FB611F118}
		{C9F49A3C-952D-4636-8E02-0B152EAE5BFF} = {757F435D-6F93-40BD-8438-399FB611F118}
		{731F9ECC-94B7-4F55-9BA8-88291CFC25E0} = {757F435D-6F93-40BD-8438-399FB611F118}
		{2881B016-8C75-427F-9182-3C834FD2DAFB} = {757F435D-6F93-40BD-8438-399FB611F118}
	EndGlobalSection
EndGlobal
